
Microsoft Visual Studio Solution File, Format Version 12.00
# Visual Studio Version 16
VisualStudioVersion = 16.0.30128.74
MinimumVisualStudioVersion = 10.0.40219.1
Project("{9A19103F-16F7-4668-BE54-9A1E7A4F7556}") = "BaxterDataAccess.Data", "BaxterFramework.Data\BaxterDataAccess.Data.csproj", "{4F71145E-2FD6-41A8-A5C2-1B68AFD2ED44}"
EndProject
Global
	GlobalSection(SolutionConfigurationPlatforms) = preSolution
		Debug|Any CPU = Debug|Any CPU
		Release|Any CPU = Release|Any CPU
	EndGlobalSection
	GlobalSection(ProjectConfigurationPlatforms) = postSolution
		{4F71145E-2FD6-41A8-A5C2-1B68AFD2ED44}.Debug|Any CPU.ActiveCfg = Debug|Any CPU
		{4F71145E-2FD6-41A8-A5C2-1B68AFD2ED44}.Debug|Any CPU.Build.0 = Debug|Any CPU
		{4F71145E-2FD6-41A8-A5C2-1B68AFD2ED44}.Release|Any CPU.ActiveCfg = Release|Any CPU
		{4F71145E-2FD6-41A8-A5C2-1B68AFD2ED44}.Release|Any CPU.Build.0 = Release|Any CPU
	EndGlobalSection
	GlobalSection(SolutionProperties) = preSolution
		HideSolutionNode = FALSE
	EndGlobalSection
	GlobalSection(ExtensibilityGlobals) = postSolution
		SolutionGuid = {2ED07EF0-B12E-415E-9753-030E4D326959}
	EndGlobalSection
EndGlobal
